# THIS IS AN AUTOGENERATED FILE. DO NOT EDIT THIS FILE DIRECTLY.
# yarn lockfile v1


iconv@~2.2.1:
  version "2.2.3"
  resolved "https://registry.yarnpkg.com/iconv/-/iconv-2.2.3.tgz#e084d60eeb7d73da7f0a9c096e4c8abe090bfaed"
  integrity sha1-4ITWDut9c9p/CpwJbkyKvgkL+u0=
  dependencies:
    nan "^2.3.5"

irc-colors@^1.1.0:
  version "1.5.0"
  resolved "https://registry.yarnpkg.com/irc-colors/-/irc-colors-1.5.0.tgz#08834c01ead88b0fd88386a5f2af8f2b0bb963fb"
  integrity sha512-HtszKchBQTcqw1DC09uD7i7vvMayHGM1OCo6AHt5pkgZEyo99ClhHTMJdf+Ezc9ovuNNxcH89QfyclGthjZJOw==

irc@^0.5.2:
  version "0.5.2"
  resolved "https://registry.yarnpkg.com/irc/-/irc-0.5.2.tgz#3714f4768365a96d0b2f776bc91166beb2464bbc"
  integrity sha1-NxT0doNlqW0LL3dryRFmvrJGS7w=
  dependencies:
    irc-colors "^1.1.0"
  optionalDependencies:
    iconv "~2.2.1"
    node-icu-charset-detector "~0.2.0"

nan@^2.3.3, nan@^2.3.5:
  version "2.14.2"
  resolved "https://registry.yarnpkg.com/nan/-/nan-2.14.2.tgz#f5376400695168f4cc694ac9393d0c9585eeea19"
  integrity sha512-M2ufzIiINKCuDfBSAUr1vWQ+vuVcA9kqx8JJUsbQi6yf1uGRyb7HfpdfUr5qLXf3B/t8dPvcjhKMmlfnP47EzQ==

negotiator@~0.2.5:
  version "0.2.8"
  resolved "https://registry.yarnpkg.com/negotiator/-/negotiator-0.2.8.tgz#adfd207a3875c4d37095729c2e7c283c5ba2ee72"
  integrity sha1-rf0gejh1xNNwlXKcLnwoPFui7nI=

node-icu-charset-detector@~0.2.0:
  version "0.2.0"
  resolved "https://registry.yarnpkg.com/node-icu-charset-detector/-/node-icu-charset-detector-0.2.0.tgz#c2320da374ddcb671fc54cb4a0e041e156ffd639"
  integrity sha1-wjINo3Tdy2cfxUy0oOBB4Vb/1jk=
  dependencies:
    nan "^2.3.3"

oppressor@0.0.1:
  version "0.0.1"
  resolved "https://registry.yarnpkg.com/oppressor/-/oppressor-0.0.1.tgz#84b2058c9121c4c6fe632566b31ed39618bd8feb"
  integrity sha1-hLIFjJEhxMb+YyVmsx7Tlhi9j+s=
  dependencies:
    negotiator "~0.2.5"
    response-stream "~0.0.0"
    through "~0.1.4"

response-stream@~0.0.0:
  version "0.0.0"
  resolved "https://registry.yarnpkg.com/response-stream/-/response-stream-0.0.0.tgz#da4b17cc7684c98c962beb4d95f668c8dcad09d5"
  integrity sha1-2ksXzHaEyYyWK+tNlfZoyNytCdU=

split@^1.0.1:
  version "1.0.1"
  resolved "https://registry.yarnpkg.com/split/-/split-1.0.1.tgz#605bd9be303aa59fb35f9229fbea0ddec9ea07d9"
  integrity sha512-mTyOoPbrivtXnwnIxZRFYRrPNtEFKlpB2fvjSnCQUiAA6qAZzqwna5envK4uk6OIeP17CsdF3rSBGYVBsU0Tkg==
  dependencies:
    through "2"

through@2:
  version "2.3.8"
  resolved "https://registry.yarnpkg.com/through/-/through-2.3.8.tgz#0dd4c9ffaabc357960b1b724115d7e0e86a2e1f5"
  integrity sha1-DdTJ/6q8NXlgsbckEV1+Doai4fU=

through@~0.1.4:
  version "0.1.4"
  resolved "https://registry.yarnpkg.com/through/-/through-0.1.4.tgz#8059576d833089b3c18eccd37580bf9cc5b59130"
  integrity sha1-gFlXbYMwibPBjszTdYC/nMW1kTA=
